
Microsoft Visual Studio Solution File, Format Version 12.00
# Visual Studio Version 16
VisualStudioVersion = 16.0.30320.27
MinimumVisualStudioVersion = 10.0.40219.1
Project("{FAE04EC0-301F-11D3-BF4B-00C04F79EFBC}") = "ExSomaImpares-Repetitiva", "ExSomaImpares-Repetitiva\ExSomaImpares-Repetitiva.csproj", "{268003C8-BA00-40CF-A1AB-29CE318ECA56}"
EndProject
Global
	GlobalSection(SolutionConfigurationPlatforms) = preSolution
		Debug|Any CPU = Debug|Any CPU
		Release|Any CPU = Release|Any CPU
	EndGlobalSection
	GlobalSection(ProjectConfigurationPlatforms) = postSolution
		{268003C8-BA00-40CF-A1AB-29CE318ECA56}.Debug|Any CPU.ActiveCfg = Debug|Any CPU
		{268003C8-BA00-40CF-A1AB-29CE318ECA56}.Debug|Any CPU.Build.0 = Debug|Any CPU
		{268003C8-BA00-40CF-A1AB-29CE318ECA56}.Release|Any CPU.ActiveCfg = Release|Any CPU
		{268003C8-BA00-40CF-A1AB-29CE318ECA56}.Release|Any CPU.Build.0 = Release|Any CPU
	EndGlobalSection
	GlobalSection(SolutionProperties) = preSolution
		HideSolutionNode = FALSE
	EndGlobalSection
	GlobalSection(ExtensibilityGlobals) = postSolution
		SolutionGuid = {3422A73A-AE70-4D34-99FD-EC82BE36E264}
	EndGlobalSection
EndGlobal
